
Microsoft Visual Studio Solution File, Format Version 12.00
# Visual Studio Version 16
VisualStudioVersion = 16.0.31624.102
MinimumVisualStudioVersion = 10.0.40219.1
Project("{FAE04EC0-301F-11D3-BF4B-00C04F79EFBC}") = "ChessGame", "ChessGame.csproj", "{2B9A09EB-E828-461D-BC50-533C636666A2}"
EndProject
Project("{FAE04EC0-301F-11D3-BF4B-00C04F79EFBC}") = "BoardModel2", "BoardModel2\BoardModel2.csproj", "{2C447F63-5434-453A-B987-40179F63326B}"
EndProject
Global
	GlobalSection(SolutionConfigurationPlatforms) = preSolution
		Debug|Any CPU = Debug|Any CPU
		Release|Any CPU = Release|Any CPU
	EndGlobalSection
	GlobalSection(ProjectConfigurationPlatforms) = postSolution
		{2B9A09EB-E828-461D-BC50-533C636666A2}.Debug|Any CPU.ActiveCfg = Debug|Any CPU
		{2B9A09EB-E828-461D-BC50-533C636666A2}.Debug|Any CPU.Build.0 = Debug|Any CPU
		{2B9A09EB-E828-461D-BC50-533C636666A2}.Release|Any CPU.ActiveCfg = Release|Any CPU
		{2B9A09EB-E828-461D-BC50-533C636666A2}.Release|Any CPU.Build.0 = Release|Any CPU
		{2C447F63-5434-453A-B987-40179F63326B}.Debug|Any CPU.ActiveCfg = Debug|Any CPU
		{2C447F63-5434-453A-B987-40179F63326B}.Debug|Any CPU.Build.0 = Debug|Any CPU
		{2C447F63-5434-453A-B987-40179F63326B}.Release|Any CPU.ActiveCfg = Release|Any CPU
		{2C447F63-5434-453A-B987-40179F63326B}.Release|Any CPU.Build.0 = Release|Any CPU
	EndGlobalSection
	GlobalSection(SolutionProperties) = preSolution
		HideSolutionNode = FALSE
	EndGlobalSection
	GlobalSection(ExtensibilityGlobals) = postSolution
		SolutionGuid = {8226F024-BC72-4C9B-A5B2-D6F642455C5D}
	EndGlobalSection
EndGlobal
